
Microsoft Visual Studio Solution File, Format Version 12.00
# Visual Studio Version 17
VisualStudioVersion = 17.14.36221.1 d17.14
MinimumVisualStudioVersion = 10.0.40219.1
Project("{FAE04EC0-301F-11D3-BF4B-00C04F79EFBC}") = "airesumebuilder", "airesumebuilder.csproj", "{6BFE33C0-4FD5-4F02-9AC6-4F422BE7DEC1}"
EndProject
Global
	GlobalSection(SolutionConfigurationPlatforms) = preSolution
		Debug|Any CPU = Debug|Any CPU
		Release|Any CPU = Release|Any CPU
	EndGlobalSection
	GlobalSection(ProjectConfigurationPlatforms) = postSolution
		{6BFE33C0-4FD5-4F02-9AC6-4F422BE7DEC1}.Debug|Any CPU.ActiveCfg = Debug|Any CPU
		{6BFE33C0-4FD5-4F02-9AC6-4F422BE7DEC1}.Debug|Any CPU.Build.0 = Debug|Any CPU
		{6BFE33C0-4FD5-4F02-9AC6-4F422BE7DEC1}.Release|Any CPU.ActiveCfg = Release|Any CPU
		{6BFE33C0-4FD5-4F02-9AC6-4F422BE7DEC1}.Release|Any CPU.Build.0 = Release|Any CPU
	EndGlobalSection
	GlobalSection(SolutionProperties) = preSolution
		HideSolutionNode = FALSE
	EndGlobalSection
	GlobalSection(ExtensibilityGlobals) = postSolution
		SolutionGuid = {E185244B-B742-4713-9D58-7B08E8AE6C62}
	EndGlobalSection
EndGlobal
